// !$*UTF8*$!
{
	archiveVersion = 1;
	classes = {
	};
	objectVersion = 50;
	objects = {

/* Begin PBXBuildFile section */
		E3649D82255C493900858354 /* CryptoPriceViewerApp.swift in Sources */ = {isa = PBXBuildFile; fileRef = E3649D81255C493900858354 /* CryptoPriceViewerApp.swift */; };
		E3649D84255C493900858354 /* CoinList.swift in Sources */ = {isa = PBXBuildFile; fileRef = E3649D83255C493900858354 /* CoinList.swift */; };
		E3649D86255C493A00858354 /* Assets.xcassets in Resources */ = {isa = PBXBuildFile; fileRef = E3649D85255C493A00858354 /* Assets.xcassets */; };
		E3649D89255C493A00858354 /* Preview Assets.xcassets in Resources */ = {isa = PBXBuildFile; fileRef = E3649D88255C493A00858354 /* Preview Assets.xcassets */; };
		E3649DB0255C4AF400858354 /* CryptoService.swift in Sources */ = {isa = PBXBuildFile; fileRef = E3649DAF255C4AF400858354 /* CryptoService.swift */; };
/* End PBXBuildFile section */

/* Begin PBXContainerItemProxy section */
		E3649D90255C493A00858354 /* PBXContainerItemProxy */ = {
			isa = PBXContainerItemProxy;
			containerPortal = E3649D76255C493900858354 /* Project object */;
			proxyType = 1;
			remoteGlobalIDString = E3649D7D255C493900858354;
			remoteInfo = CryptoPriceViewer;
		};
		E3649D9B255C493A00858354 /* PBXContainerItemProxy */ = {
			isa = PBXContainerItemProxy;
			containerPortal = E3649D76255C493900858354 /* Project object */;
			proxyType = 1;
			remoteGlobalIDString = E3649D7D255C493900858354;
			remoteInfo = CryptoPriceViewer;
		};
/* End PBXContainerItemProxy section */

/* Begin PBXFileReference section */
		E3649D7E255C493900858354 /* CryptoPriceViewer.app */ = {isa = PBXFileReference; explicitFileType = wrapper.application; includeInIndex = 0; path = CryptoPriceViewer.app; sourceTree = BUILT_PRODUCTS_DIR; };
		E3649D81255C493900858354 /* CryptoPriceViewerApp.swift */ = {isa = PBXFileReference; lastKnownFileType = sourcecode.swift; path = CryptoPriceViewerApp.swift; sourceTree = "<group>"; };
		E3649D83255C493900858354 /* CoinList.swift */ = {isa = PBXFileReference; lastKnownFileType = sourcecode.swift; path = CoinList.swift; sourceTree = "<group>"; };
		E3649D85255C493A00858354 /* Assets.xcassets */ = {isa = PBXFileReference; lastKnownFileType = folder.assetcatalog; path = Assets.xcassets; sourceTree = "<group>"; };
		E3649D88255C493A00858354 /* Preview Assets.xcassets */ = {isa = PBXFileReference; lastKnownFileType = folder.assetcatalog; path = "Preview Assets.xcassets"; sourceTree = "<group>"; };
		E3649D8A255C493A00858354 /* Info.plist */ = {isa = PBXFileReference; lastKnownFileType = text.plist.xml; path = Info.plist; sourceTree = "<group>"; };
		E3649D8F255C493A00858354 /* CryptoPriceViewerTests.xctest */ = {isa = PBXFileReference; explicitFileType = wrapper.cfbundle; includeInIndex = 0; path = CryptoPriceViewerTests.xctest; sourceTree = BUILT_PRODUCTS_DIR; };
		E3649D9A255C493A00858354 /* CryptoPriceViewerUITests.xctest */ = {isa = PBXFileReference; explicitFileType = wrapper.cfbundle; includeInIndex = 0; path = CryptoPriceViewerUITests.xctest; sourceTree = BUILT_PRODUCTS_DIR; };
		E3649DAF255C4AF400858354 /* CryptoService.swift */ = {isa = PBXFileReference; lastKnownFileType = sourcecode.swift; path = CryptoService.swift; sourceTree = "<group>"; };
/* End PBXFileReference section */

/* Begin PBXFrameworksBuildPhase section */
		E3649D7B255C493900858354 /* Frameworks */ = {
			isa = PBXFrameworksBuildPhase;
			buildActionMask = 2147483647;
			files = (
			);
			runOnlyForDeploymentPostprocessing = 0;
		};
		E3649D8C255C493A00858354 /* Frameworks */ = {
			isa = PBXFrameworksBuildPhase;
			buildActionMask = 2147483647;
			files = (
			);
			runOnlyForDeploymentPostprocessing = 0;
		};
		E3649D97255C493A00858354 /* Frameworks */ = {
			isa = PBXFrameworksBuildPhase;
			buildActionMask = 2147483647;
			files = (
			);
			runOnlyForDeploymentPostprocessing = 0;
		};
/* End PBXFrameworksBuildPhase section */

/* Begin PBXGroup section */
		E3649D75255C493900858354 = {
			isa = PBXGroup;
			children = (
				E3649D80255C493900858354 /* CryptoPriceViewer */,
				E3649D7F255C493900858354 /* Products */,
			);
			sourceTree = "<group>";
		};
		E3649D7F255C493900858354 /* Products */ = {
			isa = PBXGroup;
			children = (
				E3649D7E255C493900858354 /* CryptoPriceViewer.app */,
				E3649D8F255C493A00858354 /* CryptoPriceViewerTests.xctest */,
				E3649D9A255C493A00858354 /* CryptoPriceViewerUITests.xctest */,
			);
			name = Products;
			sourceTree = "<group>";
		};
		E3649D80255C493900858354 /* CryptoPriceViewer */ = {
			isa = PBXGroup;
			children = (
				E3649D81255C493900858354 /* CryptoPriceViewerApp.swift */,
				E3649D83255C493900858354 /* CoinList.swift */,
				E3649D85255C493A00858354 /* Assets.xcassets */,
				E3649D8A255C493A00858354 /* Info.plist */,
				E3649D87255C493A00858354 /* Preview Content */,
				E3649DAF255C4AF400858354 /* CryptoService.swift */,
			);
			path = CryptoPriceViewer;
			sourceTree = "<group>";
		};
		E3649D87255C493A00858354 /* Preview Content */ = {
			isa = PBXGroup;
			children = (
				E3649D88255C493A00858354 /* Preview Assets.xcassets */,
			);
			path = "Preview Content";
			sourceTree = "<group>";
		};
/* End PBXGroup section */

/* Begin PBXNativeTarget section */
		E3649D7D255C493900858354 /* CryptoPriceViewer */ = {
			isa = PBXNativeTarget;
			buildConfigurationList = E3649DA3255C493A00858354 /* Build configuration list for PBXNativeTarget "CryptoPriceViewer" */;
			buildPhases = (
				E3649D7A255C493900858354 /* Sources */,
				E3649D7B255C493900858354 /* Frameworks */,
				E3649D7C255C493900858354 /* Resources */,
			);
			buildRules = (
			);
			dependencies = (
			);
			name = CryptoPriceViewer;
			productName = CryptoPriceViewer;
			productReference = E3649D7E255C493900858354 /* CryptoPriceViewer.app */;
			productType = "com.apple.product-type.application";
		};
		E3649D8E255C493A00858354 /* CryptoPriceViewerTests */ = {
			isa = PBXNativeTarget;
			buildConfigurationList = E3649DA6255C493A00858354 /* Build configuration list for PBXNativeTarget "CryptoPriceViewerTests" */;
			buildPhases = (
				E3649D8B255C493A00858354 /* Sources */,
				E3649D8C255C493A00858354 /* Frameworks */,
				E3649D8D255C493A00858354 /* Resources */,
			);
			buildRules = (
			);
			dependencies = (
				E3649D91255C493A00858354 /* PBXTargetDependency */,
			);
			name = CryptoPriceViewerTests;
			productName = CryptoPriceViewerTests;
			productReference = E3649D8F255C493A00858354 /* CryptoPriceViewerTests.xctest */;
			productType = "com.apple.product-type.bundle.unit-test";
		};
		E3649D99255C493A00858354 /* CryptoPriceViewerUITests */ = {
			isa = PBXNativeTarget;
			buildConfigurationList = E3649DA9255C493A00858354 /* Build configuration list for PBXNativeTarget "CryptoPriceViewerUITests" */;
			buildPhases = (
				E3649D96255C493A00858354 /* Sources */,
				E3649D97255C493A00858354 /* Frameworks */,
				E3649D98255C493A00858354 /* Resources */,
			);
			buildRules = (
			);
			dependencies = (
				E3649D9C255C493A00858354 /* PBXTargetDependency */,
			);
			name = CryptoPriceViewerUITests;
			productName = CryptoPriceViewerUITests;
			productReference = E3649D9A255C493A00858354 /* CryptoPriceViewerUITests.xctest */;
			productType = "com.apple.product-type.bundle.ui-testing";
		};
/* End PBXNativeTarget section */

/* Begin PBXProject section */
		E3649D76255C493900858354 /* Project object */ = {
			isa = PBXProject;
			attributes = {
				LastSwiftUpdateCheck = 1200;
				LastUpgradeCheck = 1200;
				TargetAttributes = {
					E3649D7D255C493900858354 = {
						CreatedOnToolsVersion = 12.0.1;
					};
					E3649D8E255C493A00858354 = {
						CreatedOnToolsVersion = 12.0.1;
						TestTargetID = E3649D7D255C493900858354;
					};
					E3649D99255C493A00858354 = {
						CreatedOnToolsVersion = 12.0.1;
						TestTargetID = E3649D7D255C493900858354;
					};
				};
			};
			buildConfigurationList = E3649D79255C493900858354 /* Build configuration list for PBXProject "CryptoPriceViewer" */;
			compatibilityVersion = "Xcode 9.3";
			developmentRegion = en;
			hasScannedForEncodings = 0;
			knownRegions = (
				en,
				Base,
			);
			mainGroup = E3649D75255C493900858354;
			productRefGroup = E3649D7F255C493900858354 /* Products */;
			projectDirPath = "";
			projectRoot = "";
			targets = (
				E3649D7D255C493900858354 /* CryptoPriceViewer */,
				E3649D8E255C493A00858354 /* CryptoPriceViewerTests */,
				E3649D99255C493A00858354 /* CryptoPriceViewerUITests */,
			);
		};
/* End PBXProject section */

/* Begin PBXResourcesBuildPhase section */
		E3649D7C255C493900858354 /* Resources */ = {
			isa = PBXResourcesBuildPhase;
			buildActionMask = 2147483647;
			files = (
				E3649D89255C493A00858354 /* Preview Assets.xcassets in Resources */,
				E3649D86255C493A00858354 /* Assets.xcassets in Resources */,
			);
			runOnlyForDeploymentPostprocessing = 0;
		};
		E3649D8D255C493A00858354 /* Resources */ = {
			isa = PBXResourcesBuildPhase;
			buildActionMask = 2147483647;
			files = (
			);
			runOnlyForDeploymentPostprocessing = 0;
		};
		E3649D98255C493A00858354 /* Resources */ = {
			isa = PBXResourcesBuildPhase;
			buildActionMask = 2147483647;
			files = (
			);
			runOnlyForDeploymentPostprocessing = 0;
		};
/* End PBXResourcesBuildPhase section */

/* Begin PBXSourcesBuildPhase section */
		E3649D7A255C493900858354 /* Sources */ = {
			isa = PBXSourcesBuildPhase;
			buildActionMask = 2147483647;
			files = (
				E3649D84255C493900858354 /* CoinList.swift in Sources */,
				E3649DB0255C4AF400858354 /* CryptoService.swift in Sources */,
				E3649D82255C493900858354 /* CryptoPriceViewerApp.swift in Sources */,
			);
			runOnlyForDeploymentPostprocessing = 0;
		};
		E3649D8B255C493A00858354 /* Sources */ = {
			isa = PBXSourcesBuildPhase;
			buildActionMask = 2147483647;
			files = (
			);
			runOnlyForDeploymentPostprocessing = 0;
		};
		E3649D96255C493A00858354 /* Sources */ = {
			isa = PBXSourcesBuildPhase;
			buildActionMask = 2147483647;
			files = (
			);
			runOnlyForDeploymentPostprocessing = 0;
		};
/* End PBXSourcesBuildPhase section */

/* Begin PBXTargetDependency section */
		E3649D91255C493A00858354 /* PBXTargetDependency */ = {
			isa = PBXTargetDependency;
			target = E3649D7D255C493900858354 /* CryptoPriceViewer */;
			targetProxy = E3649D90255C493A00858354 /* PBXContainerItemProxy */;
		};
		E3649D9C255C493A00858354 /* PBXTargetDependency */ = {
			isa = PBXTargetDependency;
			target = E3649D7D255C493900858354 /* CryptoPriceViewer */;
			targetProxy = E3649D9B255C493A00858354 /* PBXContainerItemProxy */;
		};
/* End PBXTargetDependency section */

/* Begin XCBuildConfiguration section */
		E3649DA1255C493A00858354 /* Debug */ = {
			isa = XCBuildConfiguration;
			buildSettings = {
				ALWAYS_SEARCH_USER_PATHS = NO;
				CLANG_ANALYZER_NONNULL = YES;
				CLANG_ANALYZER_NUMBER_OBJECT_CONVERSION = YES_AGGRESSIVE;
				CLANG_CXX_LANGUAGE_STANDARD = "gnu++14";
				CLANG_CXX_LIBRARY = "libc++";
				CLANG_ENABLE_MODULES = YES;
				CLANG_ENABLE_OBJC_ARC = YES;
				CLANG_ENABLE_OBJC_WEAK = YES;
				CLANG_WARN_BLOCK_CAPTURE_AUTORELEASING = YES;
				CLANG_WARN_BOOL_CONVERSION = YES;
				CLANG_WARN_COMMA = YES;
				CLANG_WARN_CONSTANT_CONVERSION = YES;
				CLANG_WARN_DEPRECATED_OBJC_IMPLEMENTATIONS = YES;
				CLANG_WARN_DIRECT_OBJC_ISA_USAGE = YES_ERROR;
				CLANG_WARN_DOCUMENTATION_COMMENTS = YES;
				CLANG_WARN_EMPTY_BODY = YES;
				CLANG_WARN_ENUM_CONVERSION = YES;
				CLANG_WARN_INFINITE_RECURSION = YES;
				CLANG_WARN_INT_CONVERSION = YES;
				CLANG_WARN_NON_LITERAL_NULL_CONVERSION = YES;
				CLANG_WARN_OBJC_IMPLICIT_RETAIN_SELF = YES;
				CLANG_WARN_OBJC_LITERAL_CONVERSION = YES;
				CLANG_WARN_OBJC_ROOT_CLASS = YES_ERROR;
				CLANG_WARN_QUOTED_INCLUDE_IN_FRAMEWORK_HEADER = YES;
				CLANG_WARN_RANGE_LOOP_ANALYSIS = YES;
				CLANG_WARN_STRICT_PROTOTYPES = YES;
				CLANG_WARN_SUSPICIOUS_MOVE = YES;
				CLANG_WARN_UNGUARDED_AVAILABILITY = YES_AGGRESSIVE;
				CLANG_WARN_UNREACHABLE_CODE = YES;
				CLANG_WARN__DUPLICATE_METHOD_MATCH = YES;
				COPY_PHASE_STRIP = NO;
				DEBUG_INFORMATION_FORMAT = dwarf;
				ENABLE_STRICT_OBJC_MSGSEND = YES;
				ENABLE_TESTABILITY = YES;
				GCC_C_LANGUAGE_STANDARD = gnu11;
				GCC_DYNAMIC_NO_PIC = NO;
				GCC_NO_COMMON_BLOCKS = YES;
				GCC_OPTIMIZATION_LEVEL = 0;
				GCC_PREPROCESSOR_DEFINITIONS = (
					"DEBUG=1",
					"$(inherited)",
				);
				GCC_WARN_64_TO_32_BIT_CONVERSION = YES;
				GCC_WARN_ABOUT_RETURN_TYPE = YES_ERROR;
				GCC_WARN_UNDECLARED_SELECTOR = YES;
				GCC_WARN_UNINITIALIZED_AUTOS = YES_AGGRESSIVE;
				GCC_WARN_UNUSED_FUNCTION = YES;
				GCC_WARN_UNUSED_VARIABLE = YES;
				IPHONEOS_DEPLOYMENT_TARGET = 14.0;
				MTL_ENABLE_DEBUG_INFO = INCLUDE_SOURCE;
				MTL_FAST_MATH = YES;
				ONLY_ACTIVE_ARCH = YES;
				SDKROOT = iphoneos;
				SWIFT_ACTIVE_COMPILATION_CONDITIONS = DEBUG;
				SWIFT_OPTIMIZATION_LEVEL = "-Onone";
			};
			name = Debug;
		};
		E3649DA2255C493A00858354 /* Release */ = {
			isa = XCBuildConfiguration;
			buildSettings = {
				ALWAYS_SEARCH_USER_PATHS = NO;
				CLANG_ANALYZER_NONNULL = YES;
				CLANG_ANALYZER_NUMBER_OBJECT_CONVERSION = YES_AGGRESSIVE;
				CLANG_CXX_LANGUAGE_STANDARD = "gnu++14";
				CLANG_CXX_LIBRARY = "libc++";
				CLANG_ENABLE_MODULES = YES;
				CLANG_ENABLE_OBJC_ARC = YES;
				CLANG_ENABLE_OBJC_WEAK = YES;
				CLANG_WARN_BLOCK_CAPTURE_AUTORELEASING = YES;
				CLANG_WARN_BOOL_CONVERSION = YES;
				CLANG_WARN_COMMA = YES;
				CLANG_WARN_CONSTANT_CONVERSION = YES;
				CLANG_WARN_DEPRECATED_OBJC_IMPLEMENTATIONS = YES;
				CLANG_WARN_DIRECT_OBJC_ISA_USAGE = YES_ERROR;
				CLANG_WARN_DOCUMENTATION_COMMENTS = YES;
				CLANG_WARN_EMPTY_BODY = YES;
				CLANG_WARN_ENUM_CONVERSION = YES;
				CLANG_WARN_INFINITE_RECURSION = YES;
				CLANG_WARN_INT_CONVERSION = YES;
				CLANG_WARN_NON_LITERAL_NULL_CONVERSION = YES;
				CLANG_WARN_OBJC_IMPLICIT_RETAIN_SELF = YES;
				CLANG_WARN_OBJC_LITERAL_CONVERSION = YES;
				CLANG_WARN_OBJC_ROOT_CLASS = YES_ERROR;
				CLANG_WARN_QUOTED_INCLUDE_IN_FRAMEWORK_HEADER = YES;
				CLANG_WARN_RANGE_LOOP_ANALYSIS = YES;
				CLANG_WARN_STRICT_PROTOTYPES = YES;
				CLANG_WARN_SUSPICIOUS_MOVE = YES;
				CLANG_WARN_UNGUARDED_AVAILABILITY = YES_AGGRESSIVE;
				CLANG_WARN_UNREACHABLE_CODE = YES;
				CLANG_WARN__DUPLICATE_METHOD_MATCH = YES;
				COPY_PHASE_STRIP = NO;
				DEBUG_INFORMATION_FORMAT = "dwarf-with-dsym";
				ENABLE_NS_ASSERTIONS = NO;
				ENABLE_STRICT_OBJC_MSGSEND = YES;
				GCC_C_LANGUAGE_STANDARD = gnu11;
				GCC_NO_COMMON_BLOCKS = YES;
				GCC_WARN_64_TO_32_BIT_CONVERSION = YES;
				GCC_WARN_ABOUT_RETURN_TYPE = YES_ERROR;
				GCC_WARN_UNDECLARED_SELECTOR = YES;
				GCC_WARN_UNINITIALIZED_AUTOS = YES_AGGRESSIVE;
				GCC_WARN_UNUSED_FUNCTION = YES;
				GCC_WARN_UNUSED_VARIABLE = YES;
				IPHONEOS_DEPLOYMENT_TARGET = 14.0;
				MTL_ENABLE_DEBUG_INFO = NO;
				MTL_FAST_MATH = YES;
				SDKROOT = iphoneos;
				SWIFT_COMPILATION_MODE = wholemodule;
				SWIFT_OPTIMIZATION_LEVEL = "-O";
				VALIDATE_PRODUCT = YES;
			};
			name = Release;
		};
		E3649DA4255C493A00858354 /* Debug */ = {
			isa = XCBuildConfiguration;
			buildSettings = {
				ASSETCATALOG_COMPILER_APPICON_NAME = AppIcon;
				ASSETCATALOG_COMPILER_GLOBAL_ACCENT_COLOR_NAME = AccentColor;
				CODE_SIGN_STYLE = Automatic;
				DEVELOPMENT_ASSET_PATHS = "\"CryptoPriceViewer/Preview Content\"";
				ENABLE_PREVIEWS = YES;
				INFOPLIST_FILE = CryptoPriceViewer/Info.plist;
				IPHONEOS_DEPLOYMENT_TARGET = 14.0;
				LD_RUNPATH_SEARCH_PATHS = (
					"$(inherited)",
					"@executable_path/Frameworks",
				);
				PRODUCT_BUNDLE_IDENTIFIER = "-234.CryptoPriceViewer";
				PRODUCT_NAME = "$(TARGET_NAME)";
				SWIFT_VERSION = 5.0;
				TARGETED_DEVICE_FAMILY = "1,2";
			};
			name = Debug;
		};
		E3649DA5255C493A00858354 /* Release */ = {
			isa = XCBuildConfiguration;
			buildSettings = {
				ASSETCATALOG_COMPILER_APPICON_NAME = AppIcon;
				ASSETCATALOG_COMPILER_GLOBAL_ACCENT_COLOR_NAME = AccentColor;
				CODE_SIGN_STYLE = Automatic;
				DEVELOPMENT_ASSET_PATHS = "\"CryptoPriceViewer/Preview Content\"";
				ENABLE_PREVIEWS = YES;
				INFOPLIST_FILE = CryptoPriceViewer/Info.plist;
				IPHONEOS_DEPLOYMENT_TARGET = 14.0;
				LD_RUNPATH_SEARCH_PATHS = (
					"$(inherited)",
					"@executable_path/Frameworks",
				);
				PRODUCT_BUNDLE_IDENTIFIER = "-234.CryptoPriceViewer";
				PRODUCT_NAME = "$(TARGET_NAME)";
				SWIFT_VERSION = 5.0;
				TARGETED_DEVICE_FAMILY = "1,2";
			};
			name = Release;
		};
		E3649DA7255C493A00858354 /* Debug */ = {
			isa = XCBuildConfiguration;
			buildSettings = {
				ALWAYS_EMBED_SWIFT_STANDARD_LIBRARIES = YES;
				BUNDLE_LOADER = "$(TEST_HOST)";
				CODE_SIGN_STYLE = Automatic;
				INFOPLIST_FILE = CryptoPriceViewerTests/Info.plist;
				IPHONEOS_DEPLOYMENT_TARGET = 14.0;
				LD_RUNPATH_SEARCH_PATHS = (
					"$(inherited)",
					"@executable_path/Frameworks",
					"@loader_path/Frameworks",
				);
				PRODUCT_BUNDLE_IDENTIFIER = "-234.CryptoPriceViewerTests";
				PRODUCT_NAME = "$(TARGET_NAME)";
				SWIFT_VERSION = 5.0;
				TARGETED_DEVICE_FAMILY = "1,2";
				TEST_HOST = "$(BUILT_PRODUCTS_DIR)/CryptoPriceViewer.app/CryptoPriceViewer";
			};
			name = Debug;
		};
		E3649DA8255C493A00858354 /* Release */ = {
			isa = XCBuildConfiguration;
			buildSettings = {
				ALWAYS_EMBED_SWIFT_STANDARD_LIBRARIES = YES;
				BUNDLE_LOADER = "$(TEST_HOST)";
				CODE_SIGN_STYLE = Automatic;
				INFOPLIST_FILE = CryptoPriceViewerTests/Info.plist;
				IPHONEOS_DEPLOYMENT_TARGET = 14.0;
				LD_RUNPATH_SEARCH_PATHS = (
					"$(inherited)",
					"@executable_path/Frameworks",
					"@loader_path/Frameworks",
				);
				PRODUCT_BUNDLE_IDENTIFIER = "-234.CryptoPriceViewerTests";
				PRODUCT_NAME = "$(TARGET_NAME)";
				SWIFT_VERSION = 5.0;
				TARGETED_DEVICE_FAMILY = "1,2";
				TEST_HOST = "$(BUILT_PRODUCTS_DIR)/CryptoPriceViewer.app/CryptoPriceViewer";
			};
			name = Release;
		};
		E3649DAA255C493A00858354 /* Debug */ = {
			isa = XCBuildConfiguration;
			buildSettings = {
				ALWAYS_EMBED_SWIFT_STANDARD_LIBRARIES = YES;
				CODE_SIGN_STYLE = Automatic;
				INFOPLIST_FILE = CryptoPriceViewerUITests/Info.plist;
				LD_RUNPATH_SEARCH_PATHS = (
					"$(inherited)",
					"@executable_path/Frameworks",
					"@loader_path/Frameworks",
				);
				PRODUCT_BUNDLE_IDENTIFIER = "-234.CryptoPriceViewerUITests";
				PRODUCT_NAME = "$(TARGET_NAME)";
				SWIFT_VERSION = 5.0;
				TARGETED_DEVICE_FAMILY = "1,2";
				TEST_TARGET_NAME = CryptoPriceViewer;
			};
			name = Debug;
		};
		E3649DAB255C493A00858354 /* Release */ = {
			isa = XCBuildConfiguration;
			buildSettings = {
				ALWAYS_EMBED_SWIFT_STANDARD_LIBRARIES = YES;
				CODE_SIGN_STYLE = Automatic;
				INFOPLIST_FILE = CryptoPriceViewerUITests/Info.plist;
				LD_RUNPATH_SEARCH_PATHS = (
					"$(inherited)",
					"@executable_path/Frameworks",
					"@loader_path/Frameworks",
				);
				PRODUCT_BUNDLE_IDENTIFIER = "-234.CryptoPriceViewerUITests";
				PRODUCT_NAME = "$(TARGET_NAME)";
				SWIFT_VERSION = 5.0;
				TARGETED_DEVICE_FAMILY = "1,2";
				TEST_TARGET_NAME = CryptoPriceViewer;
			};
			name = Release;
		};
/* End XCBuildConfiguration section */

/* Begin XCConfigurationList section */
		E3649D79255C493900858354 /* Build configuration list for PBXProject "CryptoPriceViewer" */ = {
			isa = XCConfigurationList;
			buildConfigurations = (
				E3649DA1255C493A00858354 /* Debug */,
				E3649DA2255C493A00858354 /* Release */,
			);
			defaultConfigurationIsVisible = 0;
			defaultConfigurationName = Release;
		};
		E3649DA3255C493A00858354 /* Build configuration list for PBXNativeTarget "CryptoPriceViewer" */ = {
			isa = XCConfigurationList;
			buildConfigurations = (
				E3649DA4255C493A00858354 /* Debug */,
				E3649DA5255C493A00858354 /* Release */,
			);
			defaultConfigurationIsVisible = 0;
			defaultConfigurationName = Release;
		};
		E3649DA6255C493A00858354 /* Build configuration list for PBXNativeTarget "CryptoPriceViewerTests" */ = {
			isa = XCConfigurationList;
			buildConfigurations = (
				E3649DA7255C493A00858354 /* Debug */,
				E3649DA8255C493A00858354 /* Release */,
			);
			defaultConfigurationIsVisible = 0;
			defaultConfigurationName = Release;
		};
		E3649DA9255C493A00858354 /* Build configuration list for PBXNativeTarget "CryptoPriceViewerUITests" */ = {
			isa = XCConfigurationList;
			buildConfigurations = (
				E3649DAA255C493A00858354 /* Debug */,
				E3649DAB255C493A00858354 /* Release */,
			);
			defaultConfigurationIsVisible = 0;
			defaultConfigurationName = Release;
		};
/* End XCConfigurationList section */
	};
	rootObject = E3649D76255C493900858354 /* Project object */;
}
